{
  "nodes": {
    "nixpkgs": {
      "locked": {
        "lastModified": 1773781366,
        "narHash": "sha256-WWH9vQIxvd8wgLxZIbJ8Dxb2WUztXy0kdr3YvccvgUw=",
        "owner": "NixOS",
        "repo": "nixpkgs",
        "rev": "bc76f1a9db7d11c80ed03088924b08a0ff244924",
        "type": "github"
      },
      "original": {
        "id": "nixpkgs",
        "ref": "nixos-25.11-small",
        "type": "indirect"
      }
    },
    "root": {
      "inputs": {
        "nixpkgs": "nixpkgs"
      }
    }
  },
  "root": "root",
  "version": 7
}
