{
  "nodes": {
    "nixos-odroid-n2": {
      "inputs": {
        "nixpkgs": [
          "nixpkgs"
        ]
      },
      "locked": {
        "lastModified": 1776466410,
        "narHash": "sha256-B2olLEw1dkOz25p6dttAU312ZYtW6YQH/EWutuzUja0=",
        "owner": "MLobsien",
        "repo": "nixos-odroid-n2",
        "rev": "ab709ce6826fa47a6c43709161ee883e56442c0a",
        "type": "github"
      },
      "original": {
        "owner": "MLobsien",
        "repo": "nixos-odroid-n2",
        "type": "github"
      }
    },
    "nixpkgs": {
      "locked": {
        "lastModified": 1776169885,
        "narHash": "sha256-l/iNYDZ4bGOAFQY2q8y5OAfBBtrDAaPuRQqWaFHVRXM=",
        "owner": "NixOS",
        "repo": "nixpkgs",
        "rev": "4bd9165a9165d7b5e33ae57f3eecbcb28fb231c9",
        "type": "github"
      },
      "original": {
        "owner": "NixOS",
        "ref": "nixos-unstable",
        "repo": "nixpkgs",
        "type": "github"
      }
    },
    "root": {
      "inputs": {
        "nixos-odroid-n2": "nixos-odroid-n2",
        "nixpkgs": "nixpkgs"
      }
    }
  },
  "root": "root",
  "version": 7
}
